Microsoft Visual Studio Solution File, Format Version 12.00
# Visual Studio 2012
Project("{FAE04EC0-301F-11D3-BF4B-00C04F79EFBC}") = "SpaceDoom", "SpaceDoom.csproj", "{BA633FBF-F23B-4132-B2B5-B1FD56BACACC}"
EndProject
Global
	GlobalSection(SolutionConfigurationPlatforms) = preSolution
	Debug|Any CPU = Debug|Any CPU
	ExportDebug|Any CPU = ExportDebug|Any CPU
	ExportRelease|Any CPU = ExportRelease|Any CPU
	EndGlobalSection
	GlobalSection(ProjectConfigurationPlatforms) = postSolution
		{BA633FBF-F23B-4132-B2B5-B1FD56BACACC}.Debug|Any CPU.ActiveCfg = Debug|Any CPU
		{BA633FBF-F23B-4132-B2B5-B1FD56BACACC}.Debug|Any CPU.Build.0 = Debug|Any CPU
		{BA633FBF-F23B-4132-B2B5-B1FD56BACACC}.ExportDebug|Any CPU.ActiveCfg = ExportDebug|Any CPU
		{BA633FBF-F23B-4132-B2B5-B1FD56BACACC}.ExportDebug|Any CPU.Build.0 = ExportDebug|Any CPU
		{BA633FBF-F23B-4132-B2B5-B1FD56BACACC}.ExportRelease|Any CPU.ActiveCfg = ExportRelease|Any CPU
		{BA633FBF-F23B-4132-B2B5-B1FD56BACACC}.ExportRelease|Any CPU.Build.0 = ExportRelease|Any CPU
	EndGlobalSection
EndGlobal
